
Microsoft Visual Studio Solution File, Format Version 12.00
# Visual Studio 15
VisualStudioVersion = 15.0.27130.2010
MinimumVisualStudioVersion = 10.0.40219.1
Project("{FAE04EC0-301F-11D3-BF4B-00C04F79EFBC}") = "MySchoolCollege", "MySchoolCollege\MySchoolCollege.csproj", "{A2AC2128-73B3-4A21-816D-2922E08C8E83}"
EndProject
Project("{FAE04EC0-301F-11D3-BF4B-00C04F79EFBC}") = "MySchoolLibrary2018", "MySchoolLibrary2018\MySchoolLibrary2018.csproj", "{0F6C593F-FA79-4D53-971F-F3CD5E8EA22F}"
EndProject
Global
	GlobalSection(SolutionConfigurationPlatforms) = preSolution
		Debug|Any CPU = Debug|Any CPU
		Release|Any CPU = Release|Any CPU
	EndGlobalSection
	GlobalSection(ProjectConfigurationPlatforms) = postSolution
		{A2AC2128-73B3-4A21-816D-2922E08C8E83}.Debug|Any CPU.ActiveCfg = Debug|Any CPU
		{A2AC2128-73B3-4A21-816D-2922E08C8E83}.Debug|Any CPU.Build.0 = Debug|Any CPU
		{A2AC2128-73B3-4A21-816D-2922E08C8E83}.Release|Any CPU.ActiveCfg = Release|Any CPU
		{A2AC2128-73B3-4A21-816D-2922E08C8E83}.Release|Any CPU.Build.0 = Release|Any CPU
		{0F6C593F-FA79-4D53-971F-F3CD5E8EA22F}.Debug|Any CPU.ActiveCfg = Debug|Any CPU
		{0F6C593F-FA79-4D53-971F-F3CD5E8EA22F}.Debug|Any CPU.Build.0 = Debug|Any CPU
		{0F6C593F-FA79-4D53-971F-F3CD5E8EA22F}.Release|Any CPU.ActiveCfg = Release|Any CPU
		{0F6C593F-FA79-4D53-971F-F3CD5E8EA22F}.Release|Any CPU.Build.0 = Release|Any CPU
	EndGlobalSection
	GlobalSection(SolutionProperties) = preSolution
		HideSolutionNode = FALSE
	EndGlobalSection
	GlobalSection(ExtensibilityGlobals) = postSolution
		SolutionGuid = {187A9E19-5EDE-43A8-9AE5-BFD1DF22D376}
	EndGlobalSection
EndGlobal
